// !$*UTF8*$!
{
	archiveVersion = 1;
	classes = {
	};
	objectVersion = 46;
	objects = {

/* Begin PBXBuildFile section */
		6032C15D1CB3601F008898FE /* Factory.cpp in Sources */ = {isa = PBXBuildFile; fileRef = 6032C15A1CB3601F008898FE /* Factory.cpp */; settings = {ASSET_TAGS = (); }; };
		6032C1601CB36041008898FE /* AVL.cpp in Sources */ = {isa = PBXBuildFile; fileRef = 6032C15F1CB36041008898FE /* AVL.cpp */; settings = {ASSET_TAGS = (); }; };
		6032C1631CB36055008898FE /* Node.cpp in Sources */ = {isa = PBXBuildFile; fileRef = 6032C1621CB36055008898FE /* Node.cpp */; settings = {ASSET_TAGS = (); }; };
/* End PBXBuildFile section */

/* Begin PBXCopyFilesBuildPhase section */
		6032C14D1CB35FE8008898FE /* CopyFiles */ = {
			isa = PBXCopyFilesBuildPhase;
			buildActionMask = 2147483647;
			dstPath = /usr/share/man/man1/;
			dstSubfolderSpec = 0;
			files = (
			);
			runOnlyForDeploymentPostprocessing = 1;
		};
/* End PBXCopyFilesBuildPhase section */

/* Begin PBXFileReference section */
		6032C14F1CB35FE8008898FE /* Lab_9 */ = {isa = PBXFileReference; explicitFileType = "compiled.mach-o.executable"; includeInIndex = 0; path = Lab_9; sourceTree = BUILT_PRODUCTS_DIR; };
		6032C1591CB3601F008898FE /* AVLInterface.h */ = {isa = PBXFileReference; fileEncoding = 4; lastKnownFileType = sourcecode.c.h; path = AVLInterface.h; sourceTree = "<group>"; };
		6032C15A1CB3601F008898FE /* Factory.cpp */ = {isa = PBXFileReference; fileEncoding = 4; lastKnownFileType = sourcecode.cpp.cpp; path = Factory.cpp; sourceTree = "<group>"; };
		6032C15B1CB3601F008898FE /* Factory.h */ = {isa = PBXFileReference; fileEncoding = 4; lastKnownFileType = sourcecode.c.h; path = Factory.h; sourceTree = "<group>"; };
		6032C15C1CB3601F008898FE /* NodeInterface.h */ = {isa = PBXFileReference; fileEncoding = 4; lastKnownFileType = sourcecode.c.h; path = NodeInterface.h; sourceTree = "<group>"; };
		6032C15E1CB36036008898FE /* AVL.h */ = {isa = PBXFileReference; fileEncoding = 4; lastKnownFileType = sourcecode.c.h; path = AVL.h; sourceTree = "<group>"; };
		6032C15F1CB36041008898FE /* AVL.cpp */ = {isa = PBXFileReference; fileEncoding = 4; lastKnownFileType = sourcecode.cpp.cpp; path = AVL.cpp; sourceTree = "<group>"; };
		6032C1611CB3604A008898FE /* Node.h */ = {isa = PBXFileReference; fileEncoding = 4; lastKnownFileType = sourcecode.c.h; path = Node.h; sourceTree = "<group>"; };
		6032C1621CB36055008898FE /* Node.cpp */ = {isa = PBXFileReference; fileEncoding = 4; lastKnownFileType = sourcecode.cpp.cpp; path = Node.cpp; sourceTree = "<group>"; };
/* End PBXFileReference section */

/* Begin PBXFrameworksBuildPhase section */
		6032C14C1CB35FE8008898FE /* Frameworks */ = {
			isa = PBXFrameworksBuildPhase;
			buildActionMask = 2147483647;
			files = (
			);
			runOnlyForDeploymentPostprocessing = 0;
		};
/* End PBXFrameworksBuildPhase section */

/* Begin PBXGroup section */
		6032C1461CB35FE8008898FE = {
			isa = PBXGroup;
			children = (
				6032C1511CB35FE8008898FE /* Lab_9 */,
				6032C1501CB35FE8008898FE /* Products */,
			);
			sourceTree = "<group>";
		};
		6032C1501CB35FE8008898FE /* Products */ = {
			isa = PBXGroup;
			children = (
				6032C14F1CB35FE8008898FE /* Lab_9 */,
			);
			name = Products;
			sourceTree = "<group>";
		};
		6032C1511CB35FE8008898FE /* Lab_9 */ = {
			isa = PBXGroup;
			children = (
				6032C1591CB3601F008898FE /* AVLInterface.h */,
				6032C15E1CB36036008898FE /* AVL.h */,
				6032C15F1CB36041008898FE /* AVL.cpp */,
				6032C15A1CB3601F008898FE /* Factory.cpp */,
				6032C15B1CB3601F008898FE /* Factory.h */,
				6032C15C1CB3601F008898FE /* NodeInterface.h */,
				6032C1611CB3604A008898FE /* Node.h */,
				6032C1621CB36055008898FE /* Node.cpp */,
			);
			path = Lab_9;
			sourceTree = "<group>";
		};
/* End PBXGroup section */

/* Begin PBXNativeTarget section */
		6032C14E1CB35FE8008898FE /* Lab_9 */ = {
			isa = PBXNativeTarget;
			buildConfigurationList = 6032C1561CB35FE8008898FE /* Build configuration list for PBXNativeTarget "Lab_9" */;
			buildPhases = (
				6032C14B1CB35FE8008898FE /* Sources */,
				6032C14C1CB35FE8008898FE /* Frameworks */,
				6032C14D1CB35FE8008898FE /* CopyFiles */,
			);
			buildRules = (
			);
			dependencies = (
			);
			name = Lab_9;
			productName = Lab_9;
			productReference = 6032C14F1CB35FE8008898FE /* Lab_9 */;
			productType = "com.apple.product-type.tool";
		};
/* End PBXNativeTarget section */

/* Begin PBXProject section */
		6032C1471CB35FE8008898FE /* Project object */ = {
			isa = PBXProject;
			attributes = {
				LastUpgradeCheck = 0700;
				ORGANIZATIONNAME = "Matthew Sorenson";
				TargetAttributes = {
					6032C14E1CB35FE8008898FE = {
						CreatedOnToolsVersion = 7.0;
					};
				};
			};
			buildConfigurationList = 6032C14A1CB35FE8008898FE /* Build configuration list for PBXProject "Lab_9" */;
			compatibilityVersion = "Xcode 3.2";
			developmentRegion = English;
			hasScannedForEncodings = 0;
			knownRegions = (
				en,
			);
			mainGroup = 6032C1461CB35FE8008898FE;
			productRefGroup = 6032C1501CB35FE8008898FE /* Products */;
			projectDirPath = "";
			projectRoot = "";
			targets = (
				6032C14E1CB35FE8008898FE /* Lab_9 */,
			);
		};
/* End PBXProject section */

/* Begin PBXSourcesBuildPhase section */
		6032C14B1CB35FE8008898FE /* Sources */ = {
			isa = PBXSourcesBuildPhase;
			buildActionMask = 2147483647;
			files = (
				6032C1631CB36055008898FE /* Node.cpp in Sources */,
				6032C15D1CB3601F008898FE /* Factory.cpp in Sources */,
				6032C1601CB36041008898FE /* AVL.cpp in Sources */,
			);
			runOnlyForDeploymentPostprocessing = 0;
		};
/* End PBXSourcesBuildPhase section */

/* Begin XCBuildConfiguration section */
		6032C1541CB35FE8008898FE /* Debug */ = {
			isa = XCBuildConfiguration;
			buildSettings = {
				ALWAYS_SEARCH_USER_PATHS = NO;
				CLANG_CXX_LANGUAGE_STANDARD = "gnu++0x";
				CLANG_CXX_LIBRARY = "libc++";
				CLANG_ENABLE_MODULES = YES;
				CLANG_ENABLE_OBJC_ARC = YES;
				CLANG_WARN_BOOL_CONVERSION = YES;
				CLANG_WARN_CONSTANT_CONVERSION = YES;
				CLANG_WARN_DIRECT_OBJC_ISA_USAGE = YES_ERROR;
				CLANG_WARN_EMPTY_BODY = YES;
				CLANG_WARN_ENUM_CONVERSION = YES;
				CLANG_WARN_INT_CONVERSION = YES;
				CLANG_WARN_OBJC_ROOT_CLASS = YES_ERROR;
				CLANG_WARN_UNREACHABLE_CODE = YES;
				CLANG_WARN__DUPLICATE_METHOD_MATCH = YES;
				COPY_PHASE_STRIP = NO;
				DEBUG_INFORMATION_FORMAT = dwarf;
				ENABLE_STRICT_OBJC_MSGSEND = YES;
				ENABLE_TESTABILITY = YES;
				GCC_C_LANGUAGE_STANDARD = gnu99;
				GCC_DYNAMIC_NO_PIC = NO;
				GCC_NO_COMMON_BLOCKS = YES;
				GCC_OPTIMIZATION_LEVEL = 0;
				GCC_PREPROCESSOR_DEFINITIONS = (
					"DEBUG=1",
					"$(inherited)",
				);
				GCC_WARN_64_TO_32_BIT_CONVERSION = YES;
				GCC_WARN_ABOUT_RETURN_TYPE = YES_ERROR;
				GCC_WARN_UNDECLARED_SELECTOR = YES;
				GCC_WARN_UNINITIALIZED_AUTOS = YES_AGGRESSIVE;
				GCC_WARN_UNUSED_FUNCTION = YES;
				GCC_WARN_UNUSED_VARIABLE = YES;
				MACOSX_DEPLOYMENT_TARGET = 10.11;
				MTL_ENABLE_DEBUG_INFO = YES;
				ONLY_ACTIVE_ARCH = YES;
				SDKROOT = macosx;
			};
			name = Debug;
		};
		6032C1551CB35FE8008898FE /* Release */ = {
			isa = XCBuildConfiguration;
			buildSettings = {
				ALWAYS_SEARCH_USER_PATHS = NO;
				CLANG_CXX_LANGUAGE_STANDARD = "gnu++0x";
				CLANG_CXX_LIBRARY = "libc++";
				CLANG_ENABLE_MODULES = YES;
				CLANG_ENABLE_OBJC_ARC = YES;
				CLANG_WARN_BOOL_CONVERSION = YES;
				CLANG_WARN_CONSTANT_CONVERSION = YES;
				CLANG_WARN_DIRECT_OBJC_ISA_USAGE = YES_ERROR;
				CLANG_WARN_EMPTY_BODY = YES;
				CLANG_WARN_ENUM_CONVERSION = YES;
				CLANG_WARN_INT_CONVERSION = YES;
				CLANG_WARN_OBJC_ROOT_CLASS = YES_ERROR;
				CLANG_WARN_UNREACHABLE_CODE = YES;
				CLANG_WARN__DUPLICATE_METHOD_MATCH = YES;
				COPY_PHASE_STRIP = NO;
				DEBUG_INFORMATION_FORMAT = "dwarf-with-dsym";
				ENABLE_NS_ASSERTIONS = NO;
				ENABLE_STRICT_OBJC_MSGSEND = YES;
				GCC_C_LANGUAGE_STANDARD = gnu99;
				GCC_NO_COMMON_BLOCKS = YES;
				GCC_WARN_64_TO_32_BIT_CONVERSION = YES;
				GCC_WARN_ABOUT_RETURN_TYPE = YES_ERROR;
				GCC_WARN_UNDECLARED_SELECTOR = YES;
				GCC_WARN_UNINITIALIZED_AUTOS = YES_AGGRESSIVE;
				GCC_WARN_UNUSED_FUNCTION = YES;
				GCC_WARN_UNUSED_VARIABLE = YES;
				MACOSX_DEPLOYMENT_TARGET = 10.11;
				MTL_ENABLE_DEBUG_INFO = NO;
				SDKROOT = macosx;
			};
			name = Release;
		};
		6032C1571CB35FE8008898FE /* Debug */ = {
			isa = XCBuildConfiguration;
			buildSettings = {
				PRODUCT_NAME = "$(TARGET_NAME)";
			};
			name = Debug;
		};
		6032C1581CB35FE8008898FE /* Release */ = {
			isa = XCBuildConfiguration;
			buildSettings = {
				PRODUCT_NAME = "$(TARGET_NAME)";
			};
			name = Release;
		};
/* End XCBuildConfiguration section */

/* Begin XCConfigurationList section */
		6032C14A1CB35FE8008898FE /* Build configuration list for PBXProject "Lab_9" */ = {
			isa = XCConfigurationList;
			buildConfigurations = (
				6032C1541CB35FE8008898FE /* Debug */,
				6032C1551CB35FE8008898FE /* Release */,
			);
			defaultConfigurationIsVisible = 0;
			defaultConfigurationName = Release;
		};
		6032C1561CB35FE8008898FE /* Build configuration list for PBXNativeTarget "Lab_9" */ = {
			isa = XCConfigurationList;
			buildConfigurations = (
				6032C1571CB35FE8008898FE /* Debug */,
				6032C1581CB35FE8008898FE /* Release */,
			);
			defaultConfigurationIsVisible = 0;
		};
/* End XCConfigurationList section */
	};
	rootObject = 6032C1471CB35FE8008898FE /* Project object */;
}
